
Microsoft Visual Studio Solution File, Format Version 12.00
# Visual Studio Version 17
VisualStudioVersion = 17.13.35919.96 d17.13
MinimumVisualStudioVersion = 10.0.40219.1
Project("{FAE04EC0-301F-11D3-BF4B-00C04F79EFBC}") = "ApiAPalavra", "ApiAPalavra.csproj", "{BAFDC6F6-39F8-49F4-8DCF-1681D564A50B}"
EndProject
Global
	GlobalSection(SolutionConfigurationPlatforms) = preSolution
		Debug|Any CPU = Debug|Any CPU
		Release|Any CPU = Release|Any CPU
	EndGlobalSection
	GlobalSection(ProjectConfigurationPlatforms) = postSolution
		{BAFDC6F6-39F8-49F4-8DCF-1681D564A50B}.Debug|Any CPU.ActiveCfg = Debug|Any CPU
		{BAFDC6F6-39F8-49F4-8DCF-1681D564A50B}.Debug|Any CPU.Build.0 = Debug|Any CPU
		{BAFDC6F6-39F8-49F4-8DCF-1681D564A50B}.Release|Any CPU.ActiveCfg = Release|Any CPU
		{BAFDC6F6-39F8-49F4-8DCF-1681D564A50B}.Release|Any CPU.Build.0 = Release|Any CPU
	EndGlobalSection
	GlobalSection(SolutionProperties) = preSolution
		HideSolutionNode = FALSE
	EndGlobalSection
	GlobalSection(ExtensibilityGlobals) = postSolution
		SolutionGuid = {737D6B81-000E-4BCB-A35A-4E3485C91832}
	EndGlobalSection
EndGlobal
